<?xml version="1.0" encoding="utf-8"?>
<Project ToolsVersion="4.0" xmlns="http://schemas.microsoft.com/developer/msbuild/2003">
  <ItemGroup>
    <ClCompile Include="pch.cpp" />
    <ClCompile Include="HeaderGeneratorTest.cpp" />
    <ClCompile Include="FileHandlerTest.cpp" />
  </ItemGroup>
  <ItemGroup>
    <ClInclude Include="pch.h" />
  </ItemGroup>
  <ItemGroup>
    <Filter Include="TestFiles">
      <UniqueIdentifier>{32a5022b-6a2a-42a9-a34e-31325050b7cb}</UniqueIdentifier>
    </Filter>
  </ItemGroup>
  <ItemGroup>
    <CopyFileToFolders Include="TestFiles\favicon.ico">
      <Filter>TestFiles</Filter>
    </CopyFileToFolders>
  </ItemGroup>
</Project>